
Microsoft Visual Studio Solution File, Format Version 12.00
# Visual Studio Version 17
VisualStudioVersion = 17.7.34031.279
MinimumVisualStudioVersion = 10.0.40219.1
Project("{FAE04EC0-301F-11D3-BF4B-00C04F79EFBC}") = "PMFWikipedia.API", "PMFWikipedia\PMFWikipedia.API.csproj", "{D008C0AA-DE44-4E59-9097-B92CDB66A63E}"
EndProject
Project("{2150E333-8FDC-42A3-9474-1A3956D46DE8}") = "API", "API", "{7E38455D-2BED-4963-9E63-6A9266C230BA}"
EndProject
Project("{2150E333-8FDC-42A3-9474-1A3956D46DE8}") = "BL", "BL", "{532DAB0F-52FE-4203-9806-17179BDF816A}"
EndProject
Project("{2150E333-8FDC-42A3-9474-1A3956D46DE8}") = "DAL", "DAL", "{DBBDD0C3-6CDC-4655-871A-45A43F170E54}"
EndProject
Project("{2150E333-8FDC-42A3-9474-1A3956D46DE8}") = "Models", "Models", "{20F5BA69-99C4-4E08-8D64-035AC3962580}"
EndProject
Project("{2150E333-8FDC-42A3-9474-1A3956D46DE8}") = "Common", "Common", "{411F4F69-FD58-445B-B4C4-149570A19BDA}"
EndProject
Project("{2150E333-8FDC-42A3-9474-1A3956D46DE8}") = "Services", "Services", "{6555C6FA-291E-48D6-85E8-944C52E4B53A}"
EndProject
Project("{FAE04EC0-301F-11D3-BF4B-00C04F79EFBC}") = "PMFWikipedia.ImplementationsBL", "PMFWikipedia.ImplementationsBL\PMFWikipedia.ImplementationsBL.csproj", "{EB9F536A-12AA-4E78-B3C7-B7BA67650D75}"
EndProject
Project("{FAE04EC0-301F-11D3-BF4B-00C04F79EFBC}") = "PMFWikipedia.InterfacesBL", "PMFWikipedia.InterfacesBL\PMFWikipedia.InterfacesBL.csproj", "{3400313E-1611-4F1B-BBCC-B8BED6A0D247}"
EndProject
Project("{FAE04EC0-301F-11D3-BF4B-00C04F79EFBC}") = "PMFWikipedia.Common", "PMFWikipedia.Common\PMFWikipedia.Common.csproj", "{5758FCCF-C0FD-463E-A535-03A4FB92E26F}"
EndProject
Project("{FAE04EC0-301F-11D3-BF4B-00C04F79EFBC}") = "PMFWikipedia.ServiceInitializer", "PMFWikipedia.ServiceInitializer\PMFWikipedia.ServiceInitializer.csproj", "{D16E67A4-7C41-45B7-92E3-AAD90FBAA7D8}"
EndProject
Project("{FAE04EC0-301F-11D3-BF4B-00C04F79EFBC}") = "PMFWikipedia.ImplementationsDAL", "PMFWikipedia.ImplementationsDAL\PMFWikipedia.ImplementationsDAL.csproj", "{F36548EB-7EF3-4D78-877A-D1AB94ADFBA0}"
EndProject
Project("{FAE04EC0-301F-11D3-BF4B-00C04F79EFBC}") = "PMFWikipedia.InterfacesDAL", "PMFWikipedia.InterfacesDAL\PMFWikipedia.InterfacesDAL.csproj", "{2E271EF4-9E22-44B2-90B1-59B33681335D}"
EndProject
Project("{FAE04EC0-301F-11D3-BF4B-00C04F79EFBC}") = "PMFWikipedia.Models", "PMFWikipedia.Models\PMFWikipedia.Models.csproj", "{B798BC92-2606-4F95-90E2-1A3BFA985EEE}"
EndProject
Project("{FAE04EC0-301F-11D3-BF4B-00C04F79EFBC}") = "PMFWikipedia.SignalR", "PMFWikipedia.SignalR\PMFWikipedia.SignalR.csproj", "{134CE4AE-C14A-4C20-A7EE-D7DDEF2D0F4E}"
EndProject
Global
	GlobalSection(SolutionConfigurationPlatforms) = preSolution
		Debug|Any CPU = Debug|Any CPU
		Release|Any CPU = Release|Any CPU
	EndGlobalSection
	GlobalSection(ProjectConfigurationPlatforms) = postSolution
		{D008C0AA-DE44-4E59-9097-B92CDB66A63E}.Debug|Any CPU.ActiveCfg = Debug|Any CPU
		{D008C0AA-DE44-4E59-9097-B92CDB66A63E}.Debug|Any CPU.Build.0 = Debug|Any CPU
		{D008C0AA-DE44-4E59-9097-B92CDB66A63E}.Release|Any CPU.ActiveCfg = Release|Any CPU
		{D008C0AA-DE44-4E59-9097-B92CDB66A63E}.Release|Any CPU.Build.0 = Release|Any CPU
		{EB9F536A-12AA-4E78-B3C7-B7BA67650D75}.Debug|Any CPU.ActiveCfg = Debug|Any CPU
		{EB9F536A-12AA-4E78-B3C7-B7BA67650D75}.Debug|Any CPU.Build.0 = Debug|Any CPU
		{EB9F536A-12AA-4E78-B3C7-B7BA67650D75}.Release|Any CPU.ActiveCfg = Release|Any CPU
		{EB9F536A-12AA-4E78-B3C7-B7BA67650D75}.Release|Any CPU.Build.0 = Release|Any CPU
		{3400313E-1611-4F1B-BBCC-B8BED6A0D247}.Debug|Any CPU.ActiveCfg = Debug|Any CPU
		{3400313E-1611-4F1B-BBCC-B8BED6A0D247}.Debug|Any CPU.Build.0 = Debug|Any CPU
		{3400313E-1611-4F1B-BBCC-B8BED6A0D247}.Release|Any CPU.ActiveCfg = Release|Any CPU
		{3400313E-1611-4F1B-BBCC-B8BED6A0D247}.Release|Any CPU.Build.0 = Release|Any CPU
		{5758FCCF-C0FD-463E-A535-03A4FB92E26F}.Debug|Any CPU.ActiveCfg = Debug|Any CPU
		{5758FCCF-C0FD-463E-A535-03A4FB92E26F}.Debug|Any CPU.Build.0 = Debug|Any CPU
		{5758FCCF-C0FD-463E-A535-03A4FB92E26F}.Release|Any CPU.ActiveCfg = Release|Any CPU
		{5758FCCF-C0FD-463E-A535-03A4FB92E26F}.Release|Any CPU.Build.0 = Release|Any CPU
		{D16E67A4-7C41-45B7-92E3-AAD90FBAA7D8}.Debug|Any CPU.ActiveCfg = Debug|Any CPU
		{D16E67A4-7C41-45B7-92E3-AAD90FBAA7D8}.Debug|Any CPU.Build.0 = Debug|Any CPU
		{D16E67A4-7C41-45B7-92E3-AAD90FBAA7D8}.Release|Any CPU.ActiveCfg = Release|Any CPU
		{D16E67A4-7C41-45B7-92E3-AAD90FBAA7D8}.Release|Any CPU.Build.0 = Release|Any CPU
		{F36548EB-7EF3-4D78-877A-D1AB94ADFBA0}.Debug|Any CPU.ActiveCfg = Debug|Any CPU
		{F36548EB-7EF3-4D78-877A-D1AB94ADFBA0}.Debug|Any CPU.Build.0 = Debug|Any CPU
		{F36548EB-7EF3-4D78-877A-D1AB94ADFBA0}.Release|Any CPU.ActiveCfg = Release|Any CPU
		{F36548EB-7EF3-4D78-877A-D1AB94ADFBA0}.Release|Any CPU.Build.0 = Release|Any CPU
		{2E271EF4-9E22-44B2-90B1-59B33681335D}.Debug|Any CPU.ActiveCfg = Debug|Any CPU
		{2E271EF4-9E22-44B2-90B1-59B33681335D}.Debug|Any CPU.Build.0 = Debug|Any CPU
		{2E271EF4-9E22-44B2-90B1-59B33681335D}.Release|Any CPU.ActiveCfg = Release|Any CPU
		{2E271EF4-9E22-44B2-90B1-59B33681335D}.Release|Any CPU.Build.0 = Release|Any CPU
		{B798BC92-2606-4F95-90E2-1A3BFA985EEE}.Debug|Any CPU.ActiveCfg = Debug|Any CPU
		{B798BC92-2606-4F95-90E2-1A3BFA985EEE}.Debug|Any CPU.Build.0 = Debug|Any CPU
		{B798BC92-2606-4F95-90E2-1A3BFA985EEE}.Release|Any CPU.ActiveCfg = Release|Any CPU
		{B798BC92-2606-4F95-90E2-1A3BFA985EEE}.Release|Any CPU.Build.0 = Release|Any CPU
		{134CE4AE-C14A-4C20-A7EE-D7DDEF2D0F4E}.Debug|Any CPU.ActiveCfg = Debug|Any CPU
		{134CE4AE-C14A-4C20-A7EE-D7DDEF2D0F4E}.Debug|Any CPU.Build.0 = Debug|Any CPU
		{134CE4AE-C14A-4C20-A7EE-D7DDEF2D0F4E}.Release|Any CPU.ActiveCfg = Release|Any CPU
		{134CE4AE-C14A-4C20-A7EE-D7DDEF2D0F4E}.Release|Any CPU.Build.0 = Release|Any CPU
	EndGlobalSection
	GlobalSection(SolutionProperties) = preSolution
		HideSolutionNode = FALSE
	EndGlobalSection
	GlobalSection(NestedProjects) = preSolution
		{D008C0AA-DE44-4E59-9097-B92CDB66A63E} = {7E38455D-2BED-4963-9E63-6A9266C230BA}
		{EB9F536A-12AA-4E78-B3C7-B7BA67650D75} = {532DAB0F-52FE-4203-9806-17179BDF816A}
		{3400313E-1611-4F1B-BBCC-B8BED6A0D247} = {532DAB0F-52FE-4203-9806-17179BDF816A}
		{5758FCCF-C0FD-463E-A535-03A4FB92E26F} = {411F4F69-FD58-445B-B4C4-149570A19BDA}
		{D16E67A4-7C41-45B7-92E3-AAD90FBAA7D8} = {411F4F69-FD58-445B-B4C4-149570A19BDA}
		{F36548EB-7EF3-4D78-877A-D1AB94ADFBA0} = {DBBDD0C3-6CDC-4655-871A-45A43F170E54}
		{2E271EF4-9E22-44B2-90B1-59B33681335D} = {DBBDD0C3-6CDC-4655-871A-45A43F170E54}
		{B798BC92-2606-4F95-90E2-1A3BFA985EEE} = {20F5BA69-99C4-4E08-8D64-035AC3962580}
		{134CE4AE-C14A-4C20-A7EE-D7DDEF2D0F4E} = {7E38455D-2BED-4963-9E63-6A9266C230BA}
	EndGlobalSection
	GlobalSection(ExtensibilityGlobals) = postSolution
		SolutionGuid = {45E9A366-6ED0-460D-9025-F0F0533BD696}
	EndGlobalSection
EndGlobal
